
Microsoft Visual Studio Solution File, Format Version 12.00
# Visual Studio Version 17
VisualStudioVersion = 17.6.33815.320
MinimumVisualStudioVersion = 10.0.40219.1
Project("{FAE04EC0-301F-11D3-BF4B-00C04F79EFBC}") = "MasterClassCRM", "MasterClassCRM.csproj", "{F4B5AD5D-3AE2-4493-8099-6B853B39C74F}"
EndProject
Global
	GlobalSection(SolutionConfigurationPlatforms) = preSolution
		Debug|Any CPU = Debug|Any CPU
		Release|Any CPU = Release|Any CPU
	EndGlobalSection
	GlobalSection(ProjectConfigurationPlatforms) = postSolution
		{F4B5AD5D-3AE2-4493-8099-6B853B39C74F}.Debug|Any CPU.ActiveCfg = Debug|Any CPU
		{F4B5AD5D-3AE2-4493-8099-6B853B39C74F}.Debug|Any CPU.Build.0 = Debug|Any CPU
		{F4B5AD5D-3AE2-4493-8099-6B853B39C74F}.Release|Any CPU.ActiveCfg = Release|Any CPU
		{F4B5AD5D-3AE2-4493-8099-6B853B39C74F}.Release|Any CPU.Build.0 = Release|Any CPU
	EndGlobalSection
	GlobalSection(SolutionProperties) = preSolution
		HideSolutionNode = FALSE
	EndGlobalSection
	GlobalSection(ExtensibilityGlobals) = postSolution
		SolutionGuid = {AE53E062-4AA4-4486-8978-BBF1EDE45C7B}
	EndGlobalSection
EndGlobal
